
Microsoft Visual Studio Solution File, Format Version 12.00
# Visual Studio 14
VisualStudioVersion = 14.0.25420.1
MinimumVisualStudioVersion = 10.0.40219.1
Project("{FAE04EC0-301F-11D3-BF4B-00C04F79EFBC}") = "ConsultaDeCliente", "ConsultaDeCliente\ConsultaDeCliente.csproj", "{FA3EBEA3-5DF3-4CD0-ABFC-3B5E1A0F62F2}"
EndProject
Project("{FAE04EC0-301F-11D3-BF4B-00C04F79EFBC}") = "DAL", "DAL\DAL.csproj", "{B2F57EB1-B4B6-47C2-BA6E-6ACA6B0C1B52}"
EndProject
Project("{FAE04EC0-301F-11D3-BF4B-00C04F79EFBC}") = "BLL", "BLL\BLL.csproj", "{73B8F363-CD4A-4D9A-8268-23A6DFBE339C}"
EndProject
Project("{FAE04EC0-301F-11D3-BF4B-00C04F79EFBC}") = "Modelo", "Modelo\Modelo.csproj", "{E233BBDE-1A8C-46CF-9DE8-839D95390848}"
EndProject
Project("{FAE04EC0-301F-11D3-BF4B-00C04F79EFBC}") = "Ferramentas", "Ferramentas\Ferramentas.csproj", "{5A8ACE4C-9FB1-43BE-A27B-F15D6F3029ED}"
EndProject
Global
	GlobalSection(SolutionConfigurationPlatforms) = preSolution
		Debug|Any CPU = Debug|Any CPU
		Release|Any CPU = Release|Any CPU
	EndGlobalSection
	GlobalSection(ProjectConfigurationPlatforms) = postSolution
		{FA3EBEA3-5DF3-4CD0-ABFC-3B5E1A0F62F2}.Debug|Any CPU.ActiveCfg = Debug|Any CPU
		{FA3EBEA3-5DF3-4CD0-ABFC-3B5E1A0F62F2}.Debug|Any CPU.Build.0 = Debug|Any CPU
		{FA3EBEA3-5DF3-4CD0-ABFC-3B5E1A0F62F2}.Release|Any CPU.ActiveCfg = Release|Any CPU
		{FA3EBEA3-5DF3-4CD0-ABFC-3B5E1A0F62F2}.Release|Any CPU.Build.0 = Release|Any CPU
		{B2F57EB1-B4B6-47C2-BA6E-6ACA6B0C1B52}.Debug|Any CPU.ActiveCfg = Debug|Any CPU
		{B2F57EB1-B4B6-47C2-BA6E-6ACA6B0C1B52}.Debug|Any CPU.Build.0 = Debug|Any CPU
		{B2F57EB1-B4B6-47C2-BA6E-6ACA6B0C1B52}.Release|Any CPU.ActiveCfg = Release|Any CPU
		{B2F57EB1-B4B6-47C2-BA6E-6ACA6B0C1B52}.Release|Any CPU.Build.0 = Release|Any CPU
		{73B8F363-CD4A-4D9A-8268-23A6DFBE339C}.Debug|Any CPU.ActiveCfg = Debug|Any CPU
		{73B8F363-CD4A-4D9A-8268-23A6DFBE339C}.Debug|Any CPU.Build.0 = Debug|Any CPU
		{73B8F363-CD4A-4D9A-8268-23A6DFBE339C}.Release|Any CPU.ActiveCfg = Release|Any CPU
		{73B8F363-CD4A-4D9A-8268-23A6DFBE339C}.Release|Any CPU.Build.0 = Release|Any CPU
		{E233BBDE-1A8C-46CF-9DE8-839D95390848}.Debug|Any CPU.ActiveCfg = Debug|Any CPU
		{E233BBDE-1A8C-46CF-9DE8-839D95390848}.Debug|Any CPU.Build.0 = Debug|Any CPU
		{E233BBDE-1A8C-46CF-9DE8-839D95390848}.Release|Any CPU.ActiveCfg = Release|Any CPU
		{E233BBDE-1A8C-46CF-9DE8-839D95390848}.Release|Any CPU.Build.0 = Release|Any CPU
		{5A8ACE4C-9FB1-43BE-A27B-F15D6F3029ED}.Debug|Any CPU.ActiveCfg = Debug|Any CPU
		{5A8ACE4C-9FB1-43BE-A27B-F15D6F3029ED}.Debug|Any CPU.Build.0 = Debug|Any CPU
		{5A8ACE4C-9FB1-43BE-A27B-F15D6F3029ED}.Release|Any CPU.ActiveCfg = Release|Any CPU
		{5A8ACE4C-9FB1-43BE-A27B-F15D6F3029ED}.Release|Any CPU.Build.0 = Release|Any CPU
	EndGlobalSection
	GlobalSection(SolutionProperties) = preSolution
		HideSolutionNode = FALSE
	EndGlobalSection
EndGlobal
